
Microsoft Visual Studio Solution File, Format Version 12.00
Project("{FAE04EC0-301F-11D3-BF4B-00C04F79EFBC}") = "leetcode", "leetcode.csproj", "{A74E138F-EB3C-431A-B264-096853BF6B09}"
EndProject
Global
	GlobalSection(SolutionConfigurationPlatforms) = preSolution
		Debug|Any CPU = Debug|Any CPU
		Release|Any CPU = Release|Any CPU
	EndGlobalSection
	GlobalSection(ProjectConfigurationPlatforms) = postSolution
		{A74E138F-EB3C-431A-B264-096853BF6B09}.Debug|Any CPU.ActiveCfg = Debug|Any CPU
		{A74E138F-EB3C-431A-B264-096853BF6B09}.Debug|Any CPU.Build.0 = Debug|Any CPU
		{A74E138F-EB3C-431A-B264-096853BF6B09}.Release|Any CPU.ActiveCfg = Release|Any CPU
		{A74E138F-EB3C-431A-B264-096853BF6B09}.Release|Any CPU.Build.0 = Release|Any CPU
	EndGlobalSection
EndGlobal
